
Microsoft Visual Studio Solution File, Format Version 12.00
# Visual Studio 14
VisualStudioVersion = 14.0.25420.1
MinimumVisualStudioVersion = 10.0.40219.1
Project("{FAE04EC0-301F-11D3-BF4B-00C04F79EFBC}") = "Lagerone.Web", "src\Lagerone.Web\Lagerone.Web.csproj", "{4E9B36B5-13FF-4B11-96A6-C96AC1E3FA40}"
EndProject
Project("{FAE04EC0-301F-11D3-BF4B-00C04F79EFBC}") = "Lagerone.TokenAuth", "src\Lagerone.TokenAuth\Lagerone.TokenAuth.csproj", "{D2793AA9-027D-424B-B223-693EBE41D381}"
EndProject
Project("{FAE04EC0-301F-11D3-BF4B-00C04F79EFBC}") = "Lagerone.TokenAuth.Tests", "src\Lagerone.TokenAuth.Tests\Lagerone.TokenAuth.Tests.csproj", "{615099FA-50E5-463C-939F-627CEC6714E2}"
EndProject
Global
	GlobalSection(SolutionConfigurationPlatforms) = preSolution
		Debug|Any CPU = Debug|Any CPU
		Release|Any CPU = Release|Any CPU
	EndGlobalSection
	GlobalSection(ProjectConfigurationPlatforms) = postSolution
		{4E9B36B5-13FF-4B11-96A6-C96AC1E3FA40}.Debug|Any CPU.ActiveCfg = Debug|Any CPU
		{4E9B36B5-13FF-4B11-96A6-C96AC1E3FA40}.Debug|Any CPU.Build.0 = Debug|Any CPU
		{4E9B36B5-13FF-4B11-96A6-C96AC1E3FA40}.Release|Any CPU.ActiveCfg = Release|Any CPU
		{4E9B36B5-13FF-4B11-96A6-C96AC1E3FA40}.Release|Any CPU.Build.0 = Release|Any CPU
		{D2793AA9-027D-424B-B223-693EBE41D381}.Debug|Any CPU.ActiveCfg = Debug|Any CPU
		{D2793AA9-027D-424B-B223-693EBE41D381}.Debug|Any CPU.Build.0 = Debug|Any CPU
		{D2793AA9-027D-424B-B223-693EBE41D381}.Release|Any CPU.ActiveCfg = Release|Any CPU
		{D2793AA9-027D-424B-B223-693EBE41D381}.Release|Any CPU.Build.0 = Release|Any CPU
		{615099FA-50E5-463C-939F-627CEC6714E2}.Debug|Any CPU.ActiveCfg = Debug|Any CPU
		{615099FA-50E5-463C-939F-627CEC6714E2}.Debug|Any CPU.Build.0 = Debug|Any CPU
		{615099FA-50E5-463C-939F-627CEC6714E2}.Release|Any CPU.ActiveCfg = Release|Any CPU
		{615099FA-50E5-463C-939F-627CEC6714E2}.Release|Any CPU.Build.0 = Release|Any CPU
	EndGlobalSection
	GlobalSection(SolutionProperties) = preSolution
		HideSolutionNode = FALSE
	EndGlobalSection
EndGlobal
